
Microsoft Visual Studio Solution File, Format Version 12.00
# Visual Studio 15
VisualStudioVersion = 15.0.27703.2042
MinimumVisualStudioVersion = 10.0.40219.1
Project("{FAE04EC0-301F-11D3-BF4B-00C04F79EFBC}") = "VideoConvertDemo", "VideoConvertDemo\VideoConvertDemo.csproj", "{77793DE4-CABF-40D5-8ECA-6602E4128019}"
EndProject
Global
	GlobalSection(SolutionConfigurationPlatforms) = preSolution
		Debug|Any CPU = Debug|Any CPU
		Release|Any CPU = Release|Any CPU
	EndGlobalSection
	GlobalSection(ProjectConfigurationPlatforms) = postSolution
		{77793DE4-CABF-40D5-8ECA-6602E4128019}.Debug|Any CPU.ActiveCfg = Debug|Any CPU
		{77793DE4-CABF-40D5-8ECA-6602E4128019}.Debug|Any CPU.Build.0 = Debug|Any CPU
		{77793DE4-CABF-40D5-8ECA-6602E4128019}.Release|Any CPU.ActiveCfg = Release|Any CPU
		{77793DE4-CABF-40D5-8ECA-6602E4128019}.Release|Any CPU.Build.0 = Release|Any CPU
	EndGlobalSection
	GlobalSection(SolutionProperties) = preSolution
		HideSolutionNode = FALSE
	EndGlobalSection
	GlobalSection(ExtensibilityGlobals) = postSolution
		SolutionGuid = {CCC0CB9B-1B27-46EB-885D-FC7660F6D5DF}
	EndGlobalSection
EndGlobal
